// !$*UTF8*$!
{
	archiveVersion = 1;
	classes = {
	};
	objectVersion = 46;
	objects = {

/* Begin PBXBuildFile section */
		200B8BB11DD90B5D00CD179A /* BasicInterpolation.swift in Sources */ = {isa = PBXBuildFile; fileRef = 200B8BAD1DD90B5D00CD179A /* BasicInterpolation.swift */; };
		200B8BB21DD90B5D00CD179A /* Interpolatable.swift in Sources */ = {isa = PBXBuildFile; fileRef = 200B8BAE1DD90B5D00CD179A /* Interpolatable.swift */; };
		200B8BB31DD90B5D00CD179A /* Interpolate.swift in Sources */ = {isa = PBXBuildFile; fileRef = 200B8BAF1DD90B5D00CD179A /* Interpolate.swift */; };
		200B8BB41DD90B5D00CD179A /* SpringInterpolation.swift in Sources */ = {isa = PBXBuildFile; fileRef = 200B8BB01DD90B5D00CD179A /* SpringInterpolation.swift */; };
		20953B9E1DCFAD3D0031F384 /* AppDelegate.swift in Sources */ = {isa = PBXBuildFile; fileRef = 20953B9D1DCFAD3D0031F384 /* AppDelegate.swift */; };
		20953BA31DCFAD3E0031F384 /* Main.storyboard in Resources */ = {isa = PBXBuildFile; fileRef = 20953BA11DCFAD3E0031F384 /* Main.storyboard */; };
		20953BA51DCFAD3E0031F384 /* Assets.xcassets in Resources */ = {isa = PBXBuildFile; fileRef = 20953BA41DCFAD3E0031F384 /* Assets.xcassets */; };
		20953BA81DCFAD3E0031F384 /* LaunchScreen.storyboard in Resources */ = {isa = PBXBuildFile; fileRef = 20953BA61DCFAD3E0031F384 /* LaunchScreen.storyboard */; };
		20953BB01DCFAFB90031F384 /* SecondViewController.swift in Sources */ = {isa = PBXBuildFile; fileRef = 20953BAF1DCFAFB90031F384 /* SecondViewController.swift */; };
		20953BB21DCFC9C70031F384 /* Animator.swift in Sources */ = {isa = PBXBuildFile; fileRef = 20953BB11DCFC9C70031F384 /* Animator.swift */; };
		AC0219651DD04F440066578C /* PageSwipeInteractionController.swift in Sources */ = {isa = PBXBuildFile; fileRef = AC0219641DD04F440066578C /* PageSwipeInteractionController.swift */; };
		AC0219681DD050C90066578C /* PageViewController.swift in Sources */ = {isa = PBXBuildFile; fileRef = AC0219671DD050C90066578C /* PageViewController.swift */; };
		AC2131DB1DD0869E0073CA8E /* MyPageViewController.swift in Sources */ = {isa = PBXBuildFile; fileRef = AC2131DA1DD0869E0073CA8E /* MyPageViewController.swift */; };
		AC81B65C1DF80F1000D2A455 /* CoreGraphics.framework in Frameworks */ = {isa = PBXBuildFile; fileRef = AC81B65B1DF80F1000D2A455 /* CoreGraphics.framework */; };
		AC93A13E1DD30D1600B0C1F8 /* PercentDrivenInteractiveTransition.swift in Sources */ = {isa = PBXBuildFile; fileRef = AC93A13D1DD30D1600B0C1F8 /* PercentDrivenInteractiveTransition.swift */; };
/* End PBXBuildFile section */

/* Begin PBXFileReference section */
		200B8BAD1DD90B5D00CD179A /* BasicInterpolation.swift */ = {isa = PBXFileReference; fileEncoding = 4; lastKnownFileType = sourcecode.swift; path = BasicInterpolation.swift; sourceTree = "<group>"; };
		200B8BAE1DD90B5D00CD179A /* Interpolatable.swift */ = {isa = PBXFileReference; fileEncoding = 4; lastKnownFileType = sourcecode.swift; path = Interpolatable.swift; sourceTree = "<group>"; };
		200B8BAF1DD90B5D00CD179A /* Interpolate.swift */ = {isa = PBXFileReference; fileEncoding = 4; lastKnownFileType = sourcecode.swift; path = Interpolate.swift; sourceTree = "<group>"; };
		200B8BB01DD90B5D00CD179A /* SpringInterpolation.swift */ = {isa = PBXFileReference; fileEncoding = 4; lastKnownFileType = sourcecode.swift; path = SpringInterpolation.swift; sourceTree = "<group>"; };
		20953B9A1DCFAD3D0031F384 /* TestTransition.app */ = {isa = PBXFileReference; explicitFileType = wrapper.application; includeInIndex = 0; path = TestTransition.app; sourceTree = BUILT_PRODUCTS_DIR; };
		20953B9D1DCFAD3D0031F384 /* AppDelegate.swift */ = {isa = PBXFileReference; lastKnownFileType = sourcecode.swift; path = AppDelegate.swift; sourceTree = "<group>"; };
		20953BA21DCFAD3E0031F384 /* Base */ = {isa = PBXFileReference; lastKnownFileType = file.storyboard; name = Base; path = Base.lproj/Main.storyboard; sourceTree = "<group>"; };
		20953BA41DCFAD3E0031F384 /* Assets.xcassets */ = {isa = PBXFileReference; lastKnownFileType = folder.assetcatalog; path = Assets.xcassets; sourceTree = "<group>"; };
		20953BA71DCFAD3E0031F384 /* Base */ = {isa = PBXFileReference; lastKnownFileType = file.storyboard; name = Base; path = Base.lproj/LaunchScreen.storyboard; sourceTree = "<group>"; };
		20953BA91DCFAD3E0031F384 /* Info.plist */ = {isa = PBXFileReference; lastKnownFileType = text.plist.xml; path = Info.plist; sourceTree = "<group>"; };
		20953BAF1DCFAFB90031F384 /* SecondViewController.swift */ = {isa = PBXFileReference; fileEncoding = 4; lastKnownFileType = sourcecode.swift; path = SecondViewController.swift; sourceTree = "<group>"; };
		20953BB11DCFC9C70031F384 /* Animator.swift */ = {isa = PBXFileReference; fileEncoding = 4; lastKnownFileType = sourcecode.swift; path = Animator.swift; sourceTree = "<group>"; };
		AC0219641DD04F440066578C /* PageSwipeInteractionController.swift */ = {isa = PBXFileReference; fileEncoding = 4; lastKnownFileType = sourcecode.swift; path = PageSwipeInteractionController.swift; sourceTree = "<group>"; };
		AC0219671DD050C90066578C /* PageViewController.swift */ = {isa = PBXFileReference; fileEncoding = 4; lastKnownFileType = sourcecode.swift; path = PageViewController.swift; sourceTree = "<group>"; };
		AC2131DA1DD0869E0073CA8E /* MyPageViewController.swift */ = {isa = PBXFileReference; fileEncoding = 4; lastKnownFileType = sourcecode.swift; path = MyPageViewController.swift; sourceTree = "<group>"; };
		AC81B65B1DF80F1000D2A455 /* CoreGraphics.framework */ = {isa = PBXFileReference; lastKnownFileType = wrapper.framework; name = CoreGraphics.framework; path = System/Library/Frameworks/CoreGraphics.framework; sourceTree = SDKROOT; };
		AC93A13D1DD30D1600B0C1F8 /* PercentDrivenInteractiveTransition.swift */ = {isa = PBXFileReference; fileEncoding = 4; lastKnownFileType = sourcecode.swift; path = PercentDrivenInteractiveTransition.swift; sourceTree = "<group>"; };
/* End PBXFileReference section */

/* Begin PBXFrameworksBuildPhase section */
		20953B971DCFAD3D0031F384 /* Frameworks */ = {
			isa = PBXFrameworksBuildPhase;
			buildActionMask = 2147483647;
			files = (
				AC81B65C1DF80F1000D2A455 /* CoreGraphics.framework in Frameworks */,
			);
			runOnlyForDeploymentPostprocessing = 0;
		};
/* End PBXFrameworksBuildPhase section */

/* Begin PBXGroup section */
		200B8BB51DD90B6200CD179A /* Interpolate */ = {
			isa = PBXGroup;
			children = (
				200B8BAD1DD90B5D00CD179A /* BasicInterpolation.swift */,
				200B8BAE1DD90B5D00CD179A /* Interpolatable.swift */,
				200B8BAF1DD90B5D00CD179A /* Interpolate.swift */,
				200B8BB01DD90B5D00CD179A /* SpringInterpolation.swift */,
			);
			name = Interpolate;
			sourceTree = "<group>";
		};
		20953B911DCFAD3D0031F384 = {
			isa = PBXGroup;
			children = (
				20953B9C1DCFAD3D0031F384 /* TestTransition */,
				20953B9B1DCFAD3D0031F384 /* Products */,
				AC81B65A1DF80F1000D2A455 /* Frameworks */,
			);
			sourceTree = "<group>";
		};
		20953B9B1DCFAD3D0031F384 /* Products */ = {
			isa = PBXGroup;
			children = (
				20953B9A1DCFAD3D0031F384 /* TestTransition.app */,
			);
			name = Products;
			sourceTree = "<group>";
		};
		20953B9C1DCFAD3D0031F384 /* TestTransition */ = {
			isa = PBXGroup;
			children = (
				ACAC590A1DF81764006AD174 /* App */,
				ACAC59081DF81724006AD174 /* Resources */,
				ACAC59091DF81746006AD174 /* UI */,
				200B8BB51DD90B6200CD179A /* Interpolate */,
				AC0219661DD050B50066578C /* PageController */,
				20953BAF1DCFAFB90031F384 /* SecondViewController.swift */,
				AC2131DA1DD0869E0073CA8E /* MyPageViewController.swift */,
			);
			path = TestTransition;
			sourceTree = "<group>";
		};
		AC0219661DD050B50066578C /* PageController */ = {
			isa = PBXGroup;
			children = (
				AC0219671DD050C90066578C /* PageViewController.swift */,
				AC0219641DD04F440066578C /* PageSwipeInteractionController.swift */,
				AC93A13D1DD30D1600B0C1F8 /* PercentDrivenInteractiveTransition.swift */,
				20953BB11DCFC9C70031F384 /* Animator.swift */,
			);
			name = PageController;
			sourceTree = "<group>";
		};
		AC81B65A1DF80F1000D2A455 /* Frameworks */ = {
			isa = PBXGroup;
			children = (
				AC81B65B1DF80F1000D2A455 /* CoreGraphics.framework */,
			);
			name = Frameworks;
			sourceTree = "<group>";
		};
		ACAC59081DF81724006AD174 /* Resources */ = {
			isa = PBXGroup;
			children = (
				20953BA41DCFAD3E0031F384 /* Assets.xcassets */,
				20953BA91DCFAD3E0031F384 /* Info.plist */,
			);
			name = Resources;
			sourceTree = "<group>";
		};
		ACAC59091DF81746006AD174 /* UI */ = {
			isa = PBXGroup;
			children = (
				20953BA61DCFAD3E0031F384 /* LaunchScreen.storyboard */,
				20953BA11DCFAD3E0031F384 /* Main.storyboard */,
			);
			name = UI;
			sourceTree = "<group>";
		};
		ACAC590A1DF81764006AD174 /* App */ = {
			isa = PBXGroup;
			children = (
				20953B9D1DCFAD3D0031F384 /* AppDelegate.swift */,
			);
			name = App;
			sourceTree = "<group>";
		};
/* End PBXGroup section */

/* Begin PBXNativeTarget section */
		20953B991DCFAD3D0031F384 /* TestTransition */ = {
			isa = PBXNativeTarget;
			buildConfigurationList = 20953BAC1DCFAD3E0031F384 /* Build configuration list for PBXNativeTarget "TestTransition" */;
			buildPhases = (
				20953B961DCFAD3D0031F384 /* Sources */,
				20953B971DCFAD3D0031F384 /* Frameworks */,
				20953B981DCFAD3D0031F384 /* Resources */,
			);
			buildRules = (
			);
			dependencies = (
			);
			name = TestTransition;
			productName = TestTransition;
			productReference = 20953B9A1DCFAD3D0031F384 /* TestTransition.app */;
			productType = "com.apple.product-type.application";
		};
/* End PBXNativeTarget section */

/* Begin PBXProject section */
		20953B921DCFAD3D0031F384 /* Project object */ = {
			isa = PBXProject;
			attributes = {
				LastSwiftUpdateCheck = 0800;
				LastUpgradeCheck = 0800;
				ORGANIZATIONNAME = "Vladimir Calfa";
				TargetAttributes = {
					20953B991DCFAD3D0031F384 = {
						CreatedOnToolsVersion = 8.0;
						DevelopmentTeam = NC9E3595Y6;
						ProvisioningStyle = Automatic;
					};
				};
			};
			buildConfigurationList = 20953B951DCFAD3D0031F384 /* Build configuration list for PBXProject "TestTransition" */;
			compatibilityVersion = "Xcode 3.2";
			developmentRegion = English;
			hasScannedForEncodings = 0;
			knownRegions = (
				en,
				Base,
			);
			mainGroup = 20953B911DCFAD3D0031F384;
			productRefGroup = 20953B9B1DCFAD3D0031F384 /* Products */;
			projectDirPath = "";
			projectRoot = "";
			targets = (
				20953B991DCFAD3D0031F384 /* TestTransition */,
			);
		};
/* End PBXProject section */

/* Begin PBXResourcesBuildPhase section */
		20953B981DCFAD3D0031F384 /* Resources */ = {
			isa = PBXResourcesBuildPhase;
			buildActionMask = 2147483647;
			files = (
				20953BA81DCFAD3E0031F384 /* LaunchScreen.storyboard in Resources */,
				20953BA51DCFAD3E0031F384 /* Assets.xcassets in Resources */,
				20953BA31DCFAD3E0031F384 /* Main.storyboard in Resources */,
			);
			runOnlyForDeploymentPostprocessing = 0;
		};
/* End PBXResourcesBuildPhase section */

/* Begin PBXSourcesBuildPhase section */
		20953B961DCFAD3D0031F384 /* Sources */ = {
			isa = PBXSourcesBuildPhase;
			buildActionMask = 2147483647;
			files = (
				20953BB21DCFC9C70031F384 /* Animator.swift in Sources */,
				200B8BB11DD90B5D00CD179A /* BasicInterpolation.swift in Sources */,
				200B8BB41DD90B5D00CD179A /* SpringInterpolation.swift in Sources */,
				AC0219681DD050C90066578C /* PageViewController.swift in Sources */,
				200B8BB31DD90B5D00CD179A /* Interpolate.swift in Sources */,
				AC0219651DD04F440066578C /* PageSwipeInteractionController.swift in Sources */,
				20953BB01DCFAFB90031F384 /* SecondViewController.swift in Sources */,
				20953B9E1DCFAD3D0031F384 /* AppDelegate.swift in Sources */,
				200B8BB21DD90B5D00CD179A /* Interpolatable.swift in Sources */,
				AC2131DB1DD0869E0073CA8E /* MyPageViewController.swift in Sources */,
				AC93A13E1DD30D1600B0C1F8 /* PercentDrivenInteractiveTransition.swift in Sources */,
			);
			runOnlyForDeploymentPostprocessing = 0;
		};
/* End PBXSourcesBuildPhase section */

/* Begin PBXVariantGroup section */
		20953BA11DCFAD3E0031F384 /* Main.storyboard */ = {
			isa = PBXVariantGroup;
			children = (
				20953BA21DCFAD3E0031F384 /* Base */,
			);
			name = Main.storyboard;
			sourceTree = "<group>";
		};
		20953BA61DCFAD3E0031F384 /* LaunchScreen.storyboard */ = {
			isa = PBXVariantGroup;
			children = (
				20953BA71DCFAD3E0031F384 /* Base */,
			);
			name = LaunchScreen.storyboard;
			sourceTree = "<group>";
		};
/* End PBXVariantGroup section */

/* Begin XCBuildConfiguration section */
		20953BAA1DCFAD3E0031F384 /* Debug */ = {
			isa = XCBuildConfiguration;
			buildSettings = {
				ALWAYS_SEARCH_USER_PATHS = NO;
				CLANG_ANALYZER_NONNULL = YES;
				CLANG_CXX_LANGUAGE_STANDARD = "gnu++0x";
				CLANG_CXX_LIBRARY = "libc++";
				CLANG_ENABLE_MODULES = YES;
				CLANG_ENABLE_OBJC_ARC = YES;
				CLANG_WARN_BOOL_CONVERSION = YES;
				CLANG_WARN_CONSTANT_CONVERSION = YES;
				CLANG_WARN_DIRECT_OBJC_ISA_USAGE = YES_ERROR;
				CLANG_WARN_DOCUMENTATION_COMMENTS = YES;
				CLANG_WARN_EMPTY_BODY = YES;
				CLANG_WARN_ENUM_CONVERSION = YES;
				CLANG_WARN_INFINITE_RECURSION = YES;
				CLANG_WARN_INT_CONVERSION = YES;
				CLANG_WARN_OBJC_ROOT_CLASS = YES_ERROR;
				CLANG_WARN_SUSPICIOUS_MOVES = YES;
				CLANG_WARN_UNREACHABLE_CODE = YES;
				CLANG_WARN__DUPLICATE_METHOD_MATCH = YES;
				"CODE_SIGN_IDENTITY[sdk=iphoneos*]" = "iPhone Developer";
				COPY_PHASE_STRIP = NO;
				DEBUG_INFORMATION_FORMAT = dwarf;
				ENABLE_STRICT_OBJC_MSGSEND = YES;
				ENABLE_TESTABILITY = YES;
				GCC_C_LANGUAGE_STANDARD = gnu99;
				GCC_DYNAMIC_NO_PIC = NO;
				GCC_NO_COMMON_BLOCKS = YES;
				GCC_OPTIMIZATION_LEVEL = 0;
				GCC_PREPROCESSOR_DEFINITIONS = (
					"DEBUG=1",
					"$(inherited)",
				);
				GCC_WARN_64_TO_32_BIT_CONVERSION = YES;
				GCC_WARN_ABOUT_RETURN_TYPE = YES_ERROR;
				GCC_WARN_UNDECLARED_SELECTOR = YES;
				GCC_WARN_UNINITIALIZED_AUTOS = YES_AGGRESSIVE;
				GCC_WARN_UNUSED_FUNCTION = YES;
				GCC_WARN_UNUSED_VARIABLE = YES;
				IPHONEOS_DEPLOYMENT_TARGET = 10.0;
				MTL_ENABLE_DEBUG_INFO = YES;
				ONLY_ACTIVE_ARCH = YES;
				SDKROOT = iphoneos;
				SWIFT_ACTIVE_COMPILATION_CONDITIONS = DEBUG;
				SWIFT_OPTIMIZATION_LEVEL = "-Onone";
			};
			name = Debug;
		};
		20953BAB1DCFAD3E0031F384 /* Release */ = {
			isa = XCBuildConfiguration;
			buildSettings = {
				ALWAYS_SEARCH_USER_PATHS = NO;
				CLANG_ANALYZER_NONNULL = YES;
				CLANG_CXX_LANGUAGE_STANDARD = "gnu++0x";
				CLANG_CXX_LIBRARY = "libc++";
				CLANG_ENABLE_MODULES = YES;
				CLANG_ENABLE_OBJC_ARC = YES;
				CLANG_WARN_BOOL_CONVERSION = YES;
				CLANG_WARN_CONSTANT_CONVERSION = YES;
				CLANG_WARN_DIRECT_OBJC_ISA_USAGE = YES_ERROR;
				CLANG_WARN_DOCUMENTATION_COMMENTS = YES;
				CLANG_WARN_EMPTY_BODY = YES;
				CLANG_WARN_ENUM_CONVERSION = YES;
				CLANG_WARN_INFINITE_RECURSION = YES;
				CLANG_WARN_INT_CONVERSION = YES;
				CLANG_WARN_OBJC_ROOT_CLASS = YES_ERROR;
				CLANG_WARN_SUSPICIOUS_MOVES = YES;
				CLANG_WARN_UNREACHABLE_CODE = YES;
				CLANG_WARN__DUPLICATE_METHOD_MATCH = YES;
				"CODE_SIGN_IDENTITY[sdk=iphoneos*]" = "iPhone Developer";
				COPY_PHASE_STRIP = NO;
				DEBUG_INFORMATION_FORMAT = "dwarf-with-dsym";
				ENABLE_NS_ASSERTIONS = NO;
				ENABLE_STRICT_OBJC_MSGSEND = YES;
				GCC_C_LANGUAGE_STANDARD = gnu99;
				GCC_NO_COMMON_BLOCKS = YES;
				GCC_WARN_64_TO_32_BIT_CONVERSION = YES;
				GCC_WARN_ABOUT_RETURN_TYPE = YES_ERROR;
				GCC_WARN_UNDECLARED_SELECTOR = YES;
				GCC_WARN_UNINITIALIZED_AUTOS = YES_AGGRESSIVE;
				GCC_WARN_UNUSED_FUNCTION = YES;
				GCC_WARN_UNUSED_VARIABLE = YES;
				IPHONEOS_DEPLOYMENT_TARGET = 10.0;
				MTL_ENABLE_DEBUG_INFO = NO;
				SDKROOT = iphoneos;
				SWIFT_OPTIMIZATION_LEVEL = "-Owholemodule";
				VALIDATE_PRODUCT = YES;
			};
			name = Release;
		};
		20953BAD1DCFAD3E0031F384 /* Debug */ = {
			isa = XCBuildConfiguration;
			buildSettings = {
				ASSETCATALOG_COMPILER_APPICON_NAME = AppIcon;
				"CODE_SIGN_IDENTITY[sdk=iphoneos*]" = "iPhone Developer";
				DEVELOPMENT_TEAM = NC9E3595Y6;
				INFOPLIST_FILE = TestTransition/Info.plist;
				IPHONEOS_DEPLOYMENT_TARGET = 9.0;
				LD_RUNPATH_SEARCH_PATHS = "$(inherited) @executable_path/Frameworks";
				PRODUCT_BUNDLE_IDENTIFIER = sk.vladimircalfa.trap.TestTrans;
				PRODUCT_NAME = "$(TARGET_NAME)";
				SWIFT_VERSION = 3.0;
				TARGETED_DEVICE_FAMILY = 1;
			};
			name = Debug;
		};
		20953BAE1DCFAD3E0031F384 /* Release */ = {
			isa = XCBuildConfiguration;
			buildSettings = {
				ASSETCATALOG_COMPILER_APPICON_NAME = AppIcon;
				"CODE_SIGN_IDENTITY[sdk=iphoneos*]" = "iPhone Developer";
				DEVELOPMENT_TEAM = NC9E3595Y6;
				INFOPLIST_FILE = TestTransition/Info.plist;
				IPHONEOS_DEPLOYMENT_TARGET = 9.0;
				LD_RUNPATH_SEARCH_PATHS = "$(inherited) @executable_path/Frameworks";
				PRODUCT_BUNDLE_IDENTIFIER = sk.vladimircalfa.trap.TestTrans;
				PRODUCT_NAME = "$(TARGET_NAME)";
				SWIFT_VERSION = 3.0;
				TARGETED_DEVICE_FAMILY = 1;
			};
			name = Release;
		};
/* End XCBuildConfiguration section */

/* Begin XCConfigurationList section */
		20953B951DCFAD3D0031F384 /* Build configuration list for PBXProject "TestTransition" */ = {
			isa = XCConfigurationList;
			buildConfigurations = (
				20953BAA1DCFAD3E0031F384 /* Debug */,
				20953BAB1DCFAD3E0031F384 /* Release */,
			);
			defaultConfigurationIsVisible = 0;
			defaultConfigurationName = Release;
		};
		20953BAC1DCFAD3E0031F384 /* Build configuration list for PBXNativeTarget "TestTransition" */ = {
			isa = XCConfigurationList;
			buildConfigurations = (
				20953BAD1DCFAD3E0031F384 /* Debug */,
				20953BAE1DCFAD3E0031F384 /* Release */,
			);
			defaultConfigurationIsVisible = 0;
			defaultConfigurationName = Release;
		};
/* End XCConfigurationList section */
	};
	rootObject = 20953B921DCFAD3D0031F384 /* Project object */;
}
